// !$*UTF8*$!
{
	archiveVersion = 1;
	classes = {
	};
	objectVersion = 46;
	objects = {

/* Begin PBXBuildFile section */
		A3C0B70E1A39EE0B004B11CC /* AppDelegate.swift in Sources */ = {isa = PBXBuildFile; fileRef = A3C0B70D1A39EE0B004B11CC /* AppDelegate.swift */; };
		A3C0B7101A39EE0B004B11CC /* ViewController.swift in Sources */ = {isa = PBXBuildFile; fileRef = A3C0B70F1A39EE0B004B11CC /* ViewController.swift */; };
		A3C0B7131A39EE0B004B11CC /* Main.storyboard in Resources */ = {isa = PBXBuildFile; fileRef = A3C0B7111A39EE0B004B11CC /* Main.storyboard */; };
		A3C0B7151A39EE0B004B11CC /* Images.xcassets in Resources */ = {isa = PBXBuildFile; fileRef = A3C0B7141A39EE0B004B11CC /* Images.xcassets */; };
		A3C0B7181A39EE0B004B11CC /* LaunchScreen.xib in Resources */ = {isa = PBXBuildFile; fileRef = A3C0B7161A39EE0B004B11CC /* LaunchScreen.xib */; };
		A3C0B7241A39EE0B004B11CC /* AtomTests.swift in Sources */ = {isa = PBXBuildFile; fileRef = A3C0B7231A39EE0B004B11CC /* AtomTests.swift */; };
		A3C0B72F1A39EEB4004B11CC /* InterfaceTests.swift in Sources */ = {isa = PBXBuildFile; fileRef = A3C0B72E1A39EEB4004B11CC /* InterfaceTests.swift */; };
		A3C0B7311A39F081004B11CC /* MoleculeMember.swift in Sources */ = {isa = PBXBuildFile; fileRef = A3C0B7301A39F081004B11CC /* MoleculeMember.swift */; };
		A3C0B7321A39F081004B11CC /* MoleculeMember.swift in Sources */ = {isa = PBXBuildFile; fileRef = A3C0B7301A39F081004B11CC /* MoleculeMember.swift */; };
		A3C0B7341A39F08A004B11CC /* Atom.swift in Sources */ = {isa = PBXBuildFile; fileRef = A3C0B7331A39F08A004B11CC /* Atom.swift */; };
		A3C0B7351A39F08A004B11CC /* Atom.swift in Sources */ = {isa = PBXBuildFile; fileRef = A3C0B7331A39F08A004B11CC /* Atom.swift */; };
		A3C0B7371A39F094004B11CC /* Group.swift in Sources */ = {isa = PBXBuildFile; fileRef = A3C0B7361A39F094004B11CC /* Group.swift */; };
		A3C0B7381A39F094004B11CC /* Group.swift in Sources */ = {isa = PBXBuildFile; fileRef = A3C0B7361A39F094004B11CC /* Group.swift */; };
		A3C0B73B1A3A00E6004B11CC /* GroupTests.swift in Sources */ = {isa = PBXBuildFile; fileRef = A3C0B7391A3A00E6004B11CC /* GroupTests.swift */; };
		A3C0B73E1A3A0160004B11CC /* CanaryTest.swift in Sources */ = {isa = PBXBuildFile; fileRef = A3C0B73C1A3A0160004B11CC /* CanaryTest.swift */; };
		A3E2721A1A4080B200D07706 /* DoubleError.swift in Sources */ = {isa = PBXBuildFile; fileRef = A3E272191A4080B200D07706 /* DoubleError.swift */; };
		A3F070141A3E278000D85C10 /* Molecule.swift in Sources */ = {isa = PBXBuildFile; fileRef = A3F070131A3E278000D85C10 /* Molecule.swift */; };
		A3F070151A3E278000D85C10 /* Molecule.swift in Sources */ = {isa = PBXBuildFile; fileRef = A3F070131A3E278000D85C10 /* Molecule.swift */; };
		A3F070181A3E279200D85C10 /* MoleculeTests.swift in Sources */ = {isa = PBXBuildFile; fileRef = A3F070161A3E279200D85C10 /* MoleculeTests.swift */; };
/* End PBXBuildFile section */

/* Begin PBXContainerItemProxy section */
		A3C0B71E1A39EE0B004B11CC /* PBXContainerItemProxy */ = {
			isa = PBXContainerItemProxy;
			containerPortal = A3C0B7001A39EE0B004B11CC /* Project object */;
			proxyType = 1;
			remoteGlobalIDString = A3C0B7071A39EE0B004B11CC;
			remoteInfo = ChemSum;
		};
/* End PBXContainerItemProxy section */

/* Begin PBXFileReference section */
		A3C0B7081A39EE0B004B11CC /* ChemSum.app */ = {isa = PBXFileReference; explicitFileType = wrapper.application; includeInIndex = 0; path = ChemSum.app; sourceTree = BUILT_PRODUCTS_DIR; };
		A3C0B70C1A39EE0B004B11CC /* Info.plist */ = {isa = PBXFileReference; lastKnownFileType = text.plist.xml; path = Info.plist; sourceTree = "<group>"; };
		A3C0B70D1A39EE0B004B11CC /* AppDelegate.swift */ = {isa = PBXFileReference; lastKnownFileType = sourcecode.swift; path = AppDelegate.swift; sourceTree = "<group>"; };
		A3C0B70F1A39EE0B004B11CC /* ViewController.swift */ = {isa = PBXFileReference; lastKnownFileType = sourcecode.swift; path = ViewController.swift; sourceTree = "<group>"; };
		A3C0B7121A39EE0B004B11CC /* Base */ = {isa = PBXFileReference; lastKnownFileType = file.storyboard; name = Base; path = Base.lproj/Main.storyboard; sourceTree = "<group>"; };
		A3C0B7141A39EE0B004B11CC /* Images.xcassets */ = {isa = PBXFileReference; lastKnownFileType = folder.assetcatalog; path = Images.xcassets; sourceTree = "<group>"; };
		A3C0B7171A39EE0B004B11CC /* Base */ = {isa = PBXFileReference; lastKnownFileType = file.xib; name = Base; path = Base.lproj/LaunchScreen.xib; sourceTree = "<group>"; };
		A3C0B71D1A39EE0B004B11CC /* ChemSumTests.xctest */ = {isa = PBXFileReference; explicitFileType = wrapper.cfbundle; includeInIndex = 0; path = ChemSumTests.xctest; sourceTree = BUILT_PRODUCTS_DIR; };
		A3C0B7221A39EE0B004B11CC /* Info.plist */ = {isa = PBXFileReference; lastKnownFileType = text.plist.xml; path = Info.plist; sourceTree = "<group>"; };
		A3C0B7231A39EE0B004B11CC /* AtomTests.swift */ = {isa = PBXFileReference; lastKnownFileType = sourcecode.swift; path = AtomTests.swift; sourceTree = "<group>"; };
		A3C0B72E1A39EEB4004B11CC /* InterfaceTests.swift */ = {isa = PBXFileReference; fileEncoding = 4; lastKnownFileType = sourcecode.swift; path = InterfaceTests.swift; sourceTree = "<group>"; };
		A3C0B7301A39F081004B11CC /* MoleculeMember.swift */ = {isa = PBXFileReference; fileEncoding = 4; lastKnownFileType = sourcecode.swift; path = MoleculeMember.swift; sourceTree = "<group>"; };
		A3C0B7331A39F08A004B11CC /* Atom.swift */ = {isa = PBXFileReference; fileEncoding = 4; lastKnownFileType = sourcecode.swift; path = Atom.swift; sourceTree = "<group>"; };
		A3C0B7361A39F094004B11CC /* Group.swift */ = {isa = PBXFileReference; fileEncoding = 4; lastKnownFileType = sourcecode.swift; path = Group.swift; sourceTree = "<group>"; };
		A3C0B7391A3A00E6004B11CC /* GroupTests.swift */ = {isa = PBXFileReference; fileEncoding = 4; lastKnownFileType = sourcecode.swift; path = GroupTests.swift; sourceTree = "<group>"; };
		A3C0B73C1A3A0160004B11CC /* CanaryTest.swift */ = {isa = PBXFileReference; fileEncoding = 4; lastKnownFileType = sourcecode.swift; path = CanaryTest.swift; sourceTree = "<group>"; };
		A3E272191A4080B200D07706 /* DoubleError.swift */ = {isa = PBXFileReference; fileEncoding = 4; lastKnownFileType = sourcecode.swift; path = DoubleError.swift; sourceTree = "<group>"; };
		A3F070131A3E278000D85C10 /* Molecule.swift */ = {isa = PBXFileReference; fileEncoding = 4; lastKnownFileType = sourcecode.swift; path = Molecule.swift; sourceTree = "<group>"; };
		A3F070161A3E279200D85C10 /* MoleculeTests.swift */ = {isa = PBXFileReference; fileEncoding = 4; lastKnownFileType = sourcecode.swift; path = MoleculeTests.swift; sourceTree = "<group>"; };
/* End PBXFileReference section */

/* Begin PBXFrameworksBuildPhase section */
		A3C0B7051A39EE0B004B11CC /* Frameworks */ = {
			isa = PBXFrameworksBuildPhase;
			buildActionMask = 2147483647;
			files = (
			);
			runOnlyForDeploymentPostprocessing = 0;
		};
		A3C0B71A1A39EE0B004B11CC /* Frameworks */ = {
			isa = PBXFrameworksBuildPhase;
			buildActionMask = 2147483647;
			files = (
			);
			runOnlyForDeploymentPostprocessing = 0;
		};
/* End PBXFrameworksBuildPhase section */

/* Begin PBXGroup section */
		A3C0B6FF1A39EE0B004B11CC = {
			isa = PBXGroup;
			children = (
				A3C0B70A1A39EE0B004B11CC /* ChemSum */,
				A3C0B7201A39EE0B004B11CC /* ChemSumTests */,
				A3C0B7091A39EE0B004B11CC /* Products */,
			);
			sourceTree = "<group>";
		};
		A3C0B7091A39EE0B004B11CC /* Products */ = {
			isa = PBXGroup;
			children = (
				A3C0B7081A39EE0B004B11CC /* ChemSum.app */,
				A3C0B71D1A39EE0B004B11CC /* ChemSumTests.xctest */,
			);
			name = Products;
			sourceTree = "<group>";
		};
		A3C0B70A1A39EE0B004B11CC /* ChemSum */ = {
			isa = PBXGroup;
			children = (
				A3C0B72D1A39EE72004B11CC /* Model Classes */,
				A3C0B70D1A39EE0B004B11CC /* AppDelegate.swift */,
				A3C0B70F1A39EE0B004B11CC /* ViewController.swift */,
				A3C0B7111A39EE0B004B11CC /* Main.storyboard */,
				A3C0B7141A39EE0B004B11CC /* Images.xcassets */,
				A3C0B7161A39EE0B004B11CC /* LaunchScreen.xib */,
				A3C0B70B1A39EE0B004B11CC /* Supporting Files */,
			);
			path = ChemSum;
			sourceTree = "<group>";
		};
		A3C0B70B1A39EE0B004B11CC /* Supporting Files */ = {
			isa = PBXGroup;
			children = (
				A3C0B70C1A39EE0B004B11CC /* Info.plist */,
			);
			path = "Supporting Files";
			sourceTree = "<group>";
		};
		A3C0B7201A39EE0B004B11CC /* ChemSumTests */ = {
			isa = PBXGroup;
			children = (
				A3C0B73C1A3A0160004B11CC /* CanaryTest.swift */,
				A3C0B7231A39EE0B004B11CC /* AtomTests.swift */,
				A3C0B7391A3A00E6004B11CC /* GroupTests.swift */,
				A3F070161A3E279200D85C10 /* MoleculeTests.swift */,
				A3E272191A4080B200D07706 /* DoubleError.swift */,
				A3C0B72E1A39EEB4004B11CC /* InterfaceTests.swift */,
				A3C0B7211A39EE0B004B11CC /* Supporting Files */,
			);
			path = ChemSumTests;
			sourceTree = "<group>";
		};
		A3C0B7211A39EE0B004B11CC /* Supporting Files */ = {
			isa = PBXGroup;
			children = (
				A3C0B7221A39EE0B004B11CC /* Info.plist */,
			);
			path = "Supporting Files";
			sourceTree = "<group>";
		};
		A3C0B72D1A39EE72004B11CC /* Model Classes */ = {
			isa = PBXGroup;
			children = (
				A3C0B7301A39F081004B11CC /* MoleculeMember.swift */,
				A3C0B7331A39F08A004B11CC /* Atom.swift */,
				A3C0B7361A39F094004B11CC /* Group.swift */,
				A3F070131A3E278000D85C10 /* Molecule.swift */,
			);
			path = "Model Classes";
			sourceTree = "<group>";
		};
/* End PBXGroup section */

/* Begin PBXNativeTarget section */
		A3C0B7071A39EE0B004B11CC /* ChemSum */ = {
			isa = PBXNativeTarget;
			buildConfigurationList = A3C0B7271A39EE0B004B11CC /* Build configuration list for PBXNativeTarget "ChemSum" */;
			buildPhases = (
				A3C0B7041A39EE0B004B11CC /* Sources */,
				A3C0B7051A39EE0B004B11CC /* Frameworks */,
				A3C0B7061A39EE0B004B11CC /* Resources */,
			);
			buildRules = (
			);
			dependencies = (
			);
			name = ChemSum;
			productName = ChemSum;
			productReference = A3C0B7081A39EE0B004B11CC /* ChemSum.app */;
			productType = "com.apple.product-type.application";
		};
		A3C0B71C1A39EE0B004B11CC /* ChemSumTests */ = {
			isa = PBXNativeTarget;
			buildConfigurationList = A3C0B72A1A39EE0B004B11CC /* Build configuration list for PBXNativeTarget "ChemSumTests" */;
			buildPhases = (
				A3C0B7191A39EE0B004B11CC /* Sources */,
				A3C0B71A1A39EE0B004B11CC /* Frameworks */,
				A3C0B71B1A39EE0B004B11CC /* Resources */,
			);
			buildRules = (
			);
			dependencies = (
				A3C0B71F1A39EE0B004B11CC /* PBXTargetDependency */,
			);
			name = ChemSumTests;
			productName = ChemSumTests;
			productReference = A3C0B71D1A39EE0B004B11CC /* ChemSumTests.xctest */;
			productType = "com.apple.product-type.bundle.unit-test";
		};
/* End PBXNativeTarget section */

/* Begin PBXProject section */
		A3C0B7001A39EE0B004B11CC /* Project object */ = {
			isa = PBXProject;
			attributes = {
				LastUpgradeCheck = 0610;
				ORGANIZATIONNAME = _ansonj;
				TargetAttributes = {
					A3C0B7071A39EE0B004B11CC = {
						CreatedOnToolsVersion = 6.1.1;
					};
					A3C0B71C1A39EE0B004B11CC = {
						CreatedOnToolsVersion = 6.1.1;
						TestTargetID = A3C0B7071A39EE0B004B11CC;
					};
				};
			};
			buildConfigurationList = A3C0B7031A39EE0B004B11CC /* Build configuration list for PBXProject "ChemSum" */;
			compatibilityVersion = "Xcode 3.2";
			developmentRegion = English;
			hasScannedForEncodings = 0;
			knownRegions = (
				en,
				Base,
			);
			mainGroup = A3C0B6FF1A39EE0B004B11CC;
			productRefGroup = A3C0B7091A39EE0B004B11CC /* Products */;
			projectDirPath = "";
			projectRoot = "";
			targets = (
				A3C0B7071A39EE0B004B11CC /* ChemSum */,
				A3C0B71C1A39EE0B004B11CC /* ChemSumTests */,
			);
		};
/* End PBXProject section */

/* Begin PBXResourcesBuildPhase section */
		A3C0B7061A39EE0B004B11CC /* Resources */ = {
			isa = PBXResourcesBuildPhase;
			buildActionMask = 2147483647;
			files = (
				A3C0B7131A39EE0B004B11CC /* Main.storyboard in Resources */,
				A3C0B7181A39EE0B004B11CC /* LaunchScreen.xib in Resources */,
				A3C0B7151A39EE0B004B11CC /* Images.xcassets in Resources */,
			);
			runOnlyForDeploymentPostprocessing = 0;
		};
		A3C0B71B1A39EE0B004B11CC /* Resources */ = {
			isa = PBXResourcesBuildPhase;
			buildActionMask = 2147483647;
			files = (
			);
			runOnlyForDeploymentPostprocessing = 0;
		};
/* End PBXResourcesBuildPhase section */

/* Begin PBXSourcesBuildPhase section */
		A3C0B7041A39EE0B004B11CC /* Sources */ = {
			isa = PBXSourcesBuildPhase;
			buildActionMask = 2147483647;
			files = (
				A3C0B7101A39EE0B004B11CC /* ViewController.swift in Sources */,
				A3F070141A3E278000D85C10 /* Molecule.swift in Sources */,
				A3C0B70E1A39EE0B004B11CC /* AppDelegate.swift in Sources */,
				A3C0B7341A39F08A004B11CC /* Atom.swift in Sources */,
				A3C0B7371A39F094004B11CC /* Group.swift in Sources */,
				A3C0B7311A39F081004B11CC /* MoleculeMember.swift in Sources */,
			);
			runOnlyForDeploymentPostprocessing = 0;
		};
		A3C0B7191A39EE0B004B11CC /* Sources */ = {
			isa = PBXSourcesBuildPhase;
			buildActionMask = 2147483647;
			files = (
				A3C0B73E1A3A0160004B11CC /* CanaryTest.swift in Sources */,
				A3E2721A1A4080B200D07706 /* DoubleError.swift in Sources */,
				A3C0B7241A39EE0B004B11CC /* AtomTests.swift in Sources */,
				A3F070181A3E279200D85C10 /* MoleculeTests.swift in Sources */,
				A3C0B73B1A3A00E6004B11CC /* GroupTests.swift in Sources */,
				A3C0B72F1A39EEB4004B11CC /* InterfaceTests.swift in Sources */,
				A3C0B7351A39F08A004B11CC /* Atom.swift in Sources */,
				A3C0B7381A39F094004B11CC /* Group.swift in Sources */,
				A3C0B7321A39F081004B11CC /* MoleculeMember.swift in Sources */,
				A3F070151A3E278000D85C10 /* Molecule.swift in Sources */,
			);
			runOnlyForDeploymentPostprocessing = 0;
		};
/* End PBXSourcesBuildPhase section */

/* Begin PBXTargetDependency section */
		A3C0B71F1A39EE0B004B11CC /* PBXTargetDependency */ = {
			isa = PBXTargetDependency;
			target = A3C0B7071A39EE0B004B11CC /* ChemSum */;
			targetProxy = A3C0B71E1A39EE0B004B11CC /* PBXContainerItemProxy */;
		};
/* End PBXTargetDependency section */

/* Begin PBXVariantGroup section */
		A3C0B7111A39EE0B004B11CC /* Main.storyboard */ = {
			isa = PBXVariantGroup;
			children = (
				A3C0B7121A39EE0B004B11CC /* Base */,
			);
			name = Main.storyboard;
			sourceTree = "<group>";
		};
		A3C0B7161A39EE0B004B11CC /* LaunchScreen.xib */ = {
			isa = PBXVariantGroup;
			children = (
				A3C0B7171A39EE0B004B11CC /* Base */,
			);
			name = LaunchScreen.xib;
			sourceTree = "<group>";
		};
/* End PBXVariantGroup section */

/* Begin XCBuildConfiguration section */
		A3C0B7251A39EE0B004B11CC /* Debug */ = {
			isa = XCBuildConfiguration;
			buildSettings = {
				ALWAYS_SEARCH_USER_PATHS = NO;
				CLANG_CXX_LANGUAGE_STANDARD = "gnu++0x";
				CLANG_CXX_LIBRARY = "libc++";
				CLANG_ENABLE_MODULES = YES;
				CLANG_ENABLE_OBJC_ARC = YES;
				CLANG_WARN_BOOL_CONVERSION = YES;
				CLANG_WARN_CONSTANT_CONVERSION = YES;
				CLANG_WARN_DIRECT_OBJC_ISA_USAGE = YES_ERROR;
				CLANG_WARN_EMPTY_BODY = YES;
				CLANG_WARN_ENUM_CONVERSION = YES;
				CLANG_WARN_INT_CONVERSION = YES;
				CLANG_WARN_OBJC_ROOT_CLASS = YES_ERROR;
				CLANG_WARN_UNREACHABLE_CODE = YES;
				CLANG_WARN__DUPLICATE_METHOD_MATCH = YES;
				"CODE_SIGN_IDENTITY[sdk=iphoneos*]" = "iPhone Developer";
				COPY_PHASE_STRIP = NO;
				ENABLE_STRICT_OBJC_MSGSEND = YES;
				GCC_C_LANGUAGE_STANDARD = gnu99;
				GCC_DYNAMIC_NO_PIC = NO;
				GCC_OPTIMIZATION_LEVEL = 0;
				GCC_PREPROCESSOR_DEFINITIONS = (
					"DEBUG=1",
					"$(inherited)",
				);
				GCC_SYMBOLS_PRIVATE_EXTERN = NO;
				GCC_WARN_64_TO_32_BIT_CONVERSION = YES;
				GCC_WARN_ABOUT_RETURN_TYPE = YES_ERROR;
				GCC_WARN_UNDECLARED_SELECTOR = YES;
				GCC_WARN_UNINITIALIZED_AUTOS = YES_AGGRESSIVE;
				GCC_WARN_UNUSED_FUNCTION = YES;
				GCC_WARN_UNUSED_VARIABLE = YES;
				IPHONEOS_DEPLOYMENT_TARGET = 8.1;
				MTL_ENABLE_DEBUG_INFO = YES;
				ONLY_ACTIVE_ARCH = YES;
				SDKROOT = iphoneos;
				SWIFT_OPTIMIZATION_LEVEL = "-Onone";
				TARGETED_DEVICE_FAMILY = "1,2";
			};
			name = Debug;
		};
		A3C0B7261A39EE0B004B11CC /* Release */ = {
			isa = XCBuildConfiguration;
			buildSettings = {
				ALWAYS_SEARCH_USER_PATHS = NO;
				CLANG_CXX_LANGUAGE_STANDARD = "gnu++0x";
				CLANG_CXX_LIBRARY = "libc++";
				CLANG_ENABLE_MODULES = YES;
				CLANG_ENABLE_OBJC_ARC = YES;
				CLANG_WARN_BOOL_CONVERSION = YES;
				CLANG_WARN_CONSTANT_CONVERSION = YES;
				CLANG_WARN_DIRECT_OBJC_ISA_USAGE = YES_ERROR;
				CLANG_WARN_EMPTY_BODY = YES;
				CLANG_WARN_ENUM_CONVERSION = YES;
				CLANG_WARN_INT_CONVERSION = YES;
				CLANG_WARN_OBJC_ROOT_CLASS = YES_ERROR;
				CLANG_WARN_UNREACHABLE_CODE = YES;
				CLANG_WARN__DUPLICATE_METHOD_MATCH = YES;
				"CODE_SIGN_IDENTITY[sdk=iphoneos*]" = "iPhone Developer";
				COPY_PHASE_STRIP = YES;
				ENABLE_NS_ASSERTIONS = NO;
				ENABLE_STRICT_OBJC_MSGSEND = YES;
				GCC_C_LANGUAGE_STANDARD = gnu99;
				GCC_WARN_64_TO_32_BIT_CONVERSION = YES;
				GCC_WARN_ABOUT_RETURN_TYPE = YES_ERROR;
				GCC_WARN_UNDECLARED_SELECTOR = YES;
				GCC_WARN_UNINITIALIZED_AUTOS = YES_AGGRESSIVE;
				GCC_WARN_UNUSED_FUNCTION = YES;
				GCC_WARN_UNUSED_VARIABLE = YES;
				IPHONEOS_DEPLOYMENT_TARGET = 8.1;
				MTL_ENABLE_DEBUG_INFO = NO;
				SDKROOT = iphoneos;
				TARGETED_DEVICE_FAMILY = "1,2";
				VALIDATE_PRODUCT = YES;
			};
			name = Release;
		};
		A3C0B7281A39EE0B004B11CC /* Debug */ = {
			isa = XCBuildConfiguration;
			buildSettings = {
				ASSETCATALOG_COMPILER_APPICON_NAME = AppIcon;
				INFOPLIST_FILE = "ChemSum/Supporting Files/Info.plist";
				LD_RUNPATH_SEARCH_PATHS = "$(inherited) @executable_path/Frameworks";
				PRODUCT_NAME = "$(TARGET_NAME)";
			};
			name = Debug;
		};
		A3C0B7291A39EE0B004B11CC /* Release */ = {
			isa = XCBuildConfiguration;
			buildSettings = {
				ASSETCATALOG_COMPILER_APPICON_NAME = AppIcon;
				INFOPLIST_FILE = "ChemSum/Supporting Files/Info.plist";
				LD_RUNPATH_SEARCH_PATHS = "$(inherited) @executable_path/Frameworks";
				PRODUCT_NAME = "$(TARGET_NAME)";
			};
			name = Release;
		};
		A3C0B72B1A39EE0B004B11CC /* Debug */ = {
			isa = XCBuildConfiguration;
			buildSettings = {
				BUNDLE_LOADER = "$(TEST_HOST)";
				FRAMEWORK_SEARCH_PATHS = (
					"$(SDKROOT)/Developer/Library/Frameworks",
					"$(inherited)",
				);
				GCC_PREPROCESSOR_DEFINITIONS = (
					"DEBUG=1",
					"$(inherited)",
				);
				INFOPLIST_FILE = "ChemSumTests/Supporting Files/Info.plist";
				LD_RUNPATH_SEARCH_PATHS = "$(inherited) @executable_path/Frameworks @loader_path/Frameworks";
				PRODUCT_NAME = "$(TARGET_NAME)";
				TEST_HOST = "$(BUILT_PRODUCTS_DIR)/ChemSum.app/ChemSum";
			};
			name = Debug;
		};
		A3C0B72C1A39EE0B004B11CC /* Release */ = {
			isa = XCBuildConfiguration;
			buildSettings = {
				BUNDLE_LOADER = "$(TEST_HOST)";
				FRAMEWORK_SEARCH_PATHS = (
					"$(SDKROOT)/Developer/Library/Frameworks",
					"$(inherited)",
				);
				INFOPLIST_FILE = "ChemSumTests/Supporting Files/Info.plist";
				LD_RUNPATH_SEARCH_PATHS = "$(inherited) @executable_path/Frameworks @loader_path/Frameworks";
				PRODUCT_NAME = "$(TARGET_NAME)";
				TEST_HOST = "$(BUILT_PRODUCTS_DIR)/ChemSum.app/ChemSum";
			};
			name = Release;
		};
/* End XCBuildConfiguration section */

/* Begin XCConfigurationList section */
		A3C0B7031A39EE0B004B11CC /* Build configuration list for PBXProject "ChemSum" */ = {
			isa = XCConfigurationList;
			buildConfigurations = (
				A3C0B7251A39EE0B004B11CC /* Debug */,
				A3C0B7261A39EE0B004B11CC /* Release */,
			);
			defaultConfigurationIsVisible = 0;
			defaultConfigurationName = Release;
		};
		A3C0B7271A39EE0B004B11CC /* Build configuration list for PBXNativeTarget "ChemSum" */ = {
			isa = XCConfigurationList;
			buildConfigurations = (
				A3C0B7281A39EE0B004B11CC /* Debug */,
				A3C0B7291A39EE0B004B11CC /* Release */,
			);
			defaultConfigurationIsVisible = 0;
			defaultConfigurationName = Release;
		};
		A3C0B72A1A39EE0B004B11CC /* Build configuration list for PBXNativeTarget "ChemSumTests" */ = {
			isa = XCConfigurationList;
			buildConfigurations = (
				A3C0B72B1A39EE0B004B11CC /* Debug */,
				A3C0B72C1A39EE0B004B11CC /* Release */,
			);
			defaultConfigurationIsVisible = 0;
			defaultConfigurationName = Release;
		};
/* End XCConfigurationList section */
	};
	rootObject = A3C0B7001A39EE0B004B11CC /* Project object */;
}
